PODS:
  - IQKeyboardManager (6.5.10)
  - MJRefresh (3.7.5)
  - SDWebImage (5.11.1):
    - SDWebImage/Core (= 5.11.1)
  - SDWebImage/Core (5.11.1)
  - TXLiteAVSDK_TRTC (8.7.10102)
  - UdeskAVSSDK (1.3.0):
    - UdeskAVSSDK/AVSKit (= 1.3.0)
    - UdeskAVSSDK/SDK (= 1.3.0)
  - UdeskAVSSDK/AVSKit (1.3.0):
    - MJRefresh (~> 3.7.5)
    - SDWebImage (~> 5.11.1)
    - TXLiteAVSDK_TRTC (= 8.7.10102)
    - UdeskAVSSDK/SDK
    - YYText (~> 1.0.7)
  - UdeskAVSSDK/SDK (1.3.0)
  - YYText (1.0.7)

DEPENDENCIES:
  - IQKeyboardManager
  - UdeskAVSSDK (from `../lib`)

SPEC REPOS:
  trunk:
    - IQKeyboardManager
    - MJRefresh
    - SDWebImage
    - TXLiteAVSDK_TRTC
    - YYText

EXTERNAL SOURCES:
  UdeskAVSSDK:
    :path: "../lib"

SPEC CHECKSUMS:
  IQKeyboardManager: 45a1fa55c1a5b02c61ac0fd7fd5b62bb4ad20d97
  MJRefresh: fdf5e979eb406a0341468932d1dfc8b7f9fce961
  SDWebImage: a7f831e1a65eb5e285e3fb046a23fcfbf08e696d
  TXLiteAVSDK_TRTC: e78365f430926a1064e175fd8d97601559e7d3d1
  UdeskAVSSDK: 573fe95a8bdd5181fe490c2ac161a246138962f0
  YYText: 5c461d709e24d55a182d1441c41dc639a18a4849

PODFILE CHECKSUM: 395d2b8c7a9ba3e677bca868ed969b4664890123

COCOAPODS: 1.12.1
