PODS:
  - MJRefresh (3.7.5)
  - SDWebImage (5.11.1):
    - SDWebImage/Core (= 5.11.1)
  - SDWebImage/Core (5.11.1)
  - TXLiteAVSDK_TRTC (8.7.10102)
  - UdeskAVSSDK (1.1.0):
    - UdeskAVSSDK/AVSKit (= 1.1.0)
    - UdeskAVSSDK/SDK (= 1.1.0)
  - UdeskAVSSDK/AVSKit (1.1.0):
    - MJRefresh (~> 3.7.5)
    - SDWebImage (~> 5.11.1)
    - TXLiteAVSDK_TRTC (= 8.7.10102)
    - UdeskAVSSDK/SDK
    - YYText (~> 1.0.7)
  - UdeskAVSSDK/SDK (1.1.0)
  - YYText (1.0.7)

DEPENDENCIES:
  - UdeskAVSSDK (from `../lib`)

SPEC REPOS:
  trunk:
    - MJRefresh
    - SDWebImage
    - TXLiteAVSDK_TRTC
    - YYText

EXTERNAL SOURCES:
  UdeskAVSSDK:
    :path: "../lib"

SPEC CHECKSUMS:
  MJRefresh: fdf5e979eb406a0341468932d1dfc8b7f9fce961
  SDWebImage: a7f831e1a65eb5e285e3fb046a23fcfbf08e696d
  TXLiteAVSDK_TRTC: e78365f430926a1064e175fd8d97601559e7d3d1
  UdeskAVSSDK: ccc4bc487e8fc83531ffcf35668f18b80aafd36c
  YYText: 5c461d709e24d55a182d1441c41dc639a18a4849

PODFILE CHECKSUM: d6a4ee0db1beb4928dfabd285db1ba67f3b590fc

COCOAPODS: 1.11.3
